# This file is autogenerated, do not edit; changes may be undone by the next 'dep ensure'.


[[projects]]
  branch = "master"
  name = "github.com/VividCortex/rest"
  packages = ["."]
  revision = "60416b8f5c82e5992471f479d98a9d911741a277"

[[projects]]
  branch = "master"
  name = "github.com/VividCortex/smtpapi-go"
  packages = ["."]
  revision = "b616837442153d876b2d0b84d09e5e48a2aa91ee"

[[projects]]
  name = "github.com/sendgrid/rest"
  packages = ["."]
  revision = "80b39aaf5a30edab5bf2f99d56052abe01a0d41d"
  version = "v2.4.0"

[[projects]]
  name = "github.com/sendgrid/sendgrid-go"
  packages = [
    ".",
    "helpers/mail"
  ]
  revision = "8caf17aa96b4a98bae8bd216878dd50ff12897b5"
  version = "v3.4.1"

[solve-meta]
  analyzer-name = "dep"
  analyzer-version = 1
  inputs-digest = "c89310496d74ef68d173588e301411cd81e78c10d3de4b666b83bbb41d74098d"
  solver-name = "gps-cdcl"
  solver-version = 1
